
Microsoft Visual Studio Solution File, Format Version 12.00
# Visual Studio Version 17
VisualStudioVersion = 17.0.31903.59
MinimumVisualStudioVersion = 10.0.40219.1
Project("{FAE04EC0-301F-11D3-BF4B-00C04F79EFBC}") = "LogReader.App", "LogReader.App\LogReader.App.csproj", "{B21D131A-F70D-4C6D-8D34-6D8AA7EE6625}"
EndProject
Project("{FAE04EC0-301F-11D3-BF4B-00C04F79EFBC}") = "LogReader.Core", "LogReader.Core\LogReader.Core.csproj", "{70FD6B6D-0E60-44AD-976E-2C2E68D3DC4E}"
EndProject
Project("{FAE04EC0-301F-11D3-BF4B-00C04F79EFBC}") = "LogReader.Infrastructure", "LogReader.Infrastructure\LogReader.Infrastructure.csproj", "{A0C9342F-3513-4D8C-A01B-44B2F5DB818F}"
EndProject
Project("{FAE04EC0-301F-11D3-BF4B-00C04F79EFBC}") = "LogReader.Tests", "LogReader.Tests\LogReader.Tests.csproj", "{E212585D-BD70-4AC7-9BFE-BC28805B958C}"
EndProject
Project("{FAE04EC0-301F-11D3-BF4B-00C04F79EFBC}") = "LogReader.Testing", "LogReader.Testing\LogReader.Testing.csproj", "{45A8E5CF-376A-41C0-AB39-B57D19F11703}"
EndProject
Project("{FAE04EC0-301F-11D3-BF4B-00C04F79EFBC}") = "LogReader.Core.Tests", "LogReader.Core.Tests\LogReader.Core.Tests.csproj", "{F9CBFA9A-3189-4556-8E9B-20DE72668ACE}"
EndProject
Project("{930C7802-8A8C-48F9-8165-68863BCCD9DD}") = "LogReader.Setup", "installer\LogReader.Setup\LogReader.Setup.wixproj", "{D2430B9A-D1D1-4F27-A930-5719B4CC6B69}"
EndProject
Global
	GlobalSection(SolutionConfigurationPlatforms) = preSolution
		Debug|Any CPU = Debug|Any CPU
		Release|Any CPU = Release|Any CPU
	EndGlobalSection
	GlobalSection(SolutionProperties) = preSolution
		HideSolutionNode = FALSE
	EndGlobalSection
	GlobalSection(ProjectConfigurationPlatforms) = postSolution
		{B21D131A-F70D-4C6D-8D34-6D8AA7EE6625}.Debug|Any CPU.ActiveCfg = Debug|Any CPU
		{B21D131A-F70D-4C6D-8D34-6D8AA7EE6625}.Debug|Any CPU.Build.0 = Debug|Any CPU
		{B21D131A-F70D-4C6D-8D34-6D8AA7EE6625}.Release|Any CPU.ActiveCfg = Release|Any CPU
		{B21D131A-F70D-4C6D-8D34-6D8AA7EE6625}.Release|Any CPU.Build.0 = Release|Any CPU
		{70FD6B6D-0E60-44AD-976E-2C2E68D3DC4E}.Debug|Any CPU.ActiveCfg = Debug|Any CPU
		{70FD6B6D-0E60-44AD-976E-2C2E68D3DC4E}.Debug|Any CPU.Build.0 = Debug|Any CPU
		{70FD6B6D-0E60-44AD-976E-2C2E68D3DC4E}.Release|Any CPU.ActiveCfg = Release|Any CPU
		{70FD6B6D-0E60-44AD-976E-2C2E68D3DC4E}.Release|Any CPU.Build.0 = Release|Any CPU
		{A0C9342F-3513-4D8C-A01B-44B2F5DB818F}.Debug|Any CPU.ActiveCfg = Debug|Any CPU
		{A0C9342F-3513-4D8C-A01B-44B2F5DB818F}.Debug|Any CPU.Build.0 = Debug|Any CPU
		{A0C9342F-3513-4D8C-A01B-44B2F5DB818F}.Release|Any CPU.ActiveCfg = Release|Any CPU
		{A0C9342F-3513-4D8C-A01B-44B2F5DB818F}.Release|Any CPU.Build.0 = Release|Any CPU
		{E212585D-BD70-4AC7-9BFE-BC28805B958C}.Debug|Any CPU.ActiveCfg = Debug|Any CPU
		{E212585D-BD70-4AC7-9BFE-BC28805B958C}.Debug|Any CPU.Build.0 = Debug|Any CPU
		{E212585D-BD70-4AC7-9BFE-BC28805B958C}.Release|Any CPU.ActiveCfg = Release|Any CPU
		{E212585D-BD70-4AC7-9BFE-BC28805B958C}.Release|Any CPU.Build.0 = Release|Any CPU
		{45A8E5CF-376A-41C0-AB39-B57D19F11703}.Debug|Any CPU.ActiveCfg = Debug|Any CPU
		{45A8E5CF-376A-41C0-AB39-B57D19F11703}.Debug|Any CPU.Build.0 = Debug|Any CPU
		{45A8E5CF-376A-41C0-AB39-B57D19F11703}.Release|Any CPU.ActiveCfg = Release|Any CPU
		{45A8E5CF-376A-41C0-AB39-B57D19F11703}.Release|Any CPU.Build.0 = Release|Any CPU
		{F9CBFA9A-3189-4556-8E9B-20DE72668ACE}.Debug|Any CPU.ActiveCfg = Debug|Any CPU
		{F9CBFA9A-3189-4556-8E9B-20DE72668ACE}.Debug|Any CPU.Build.0 = Debug|Any CPU
		{F9CBFA9A-3189-4556-8E9B-20DE72668ACE}.Release|Any CPU.ActiveCfg = Release|Any CPU
		{F9CBFA9A-3189-4556-8E9B-20DE72668ACE}.Release|Any CPU.Build.0 = Release|Any CPU
		{D2430B9A-D1D1-4F27-A930-5719B4CC6B69}.Debug|Any CPU.ActiveCfg = Debug|x64
		{D2430B9A-D1D1-4F27-A930-5719B4CC6B69}.Release|Any CPU.ActiveCfg = Release|x64
	EndGlobalSection
EndGlobal
